<?xml version="1.0" encoding="utf-8"?>
<Project ToolsVersion="4.0" xmlns="http://schemas.microsoft.com/developer/msbuild/2003">
  <ItemGroup>
    <Filter Include="Source Files">
      <UniqueIdentifier>{4FC737F1-C7A5-4376-A066-2A32D752A2FF}</UniqueIdentifier>
      <Extensions>qml;cpp;c;cc;cxx;def;odl;idl;hpj;bat;asm;asmx</Extensions>
    </Filter>
    <Filter Include="Header Files">
      <UniqueIdentifier>{93995380-89BD-4b04-88EB-625FBE52EBFB}</UniqueIdentifier>
      <Extensions>h;hh;hpp;hxx;hm;inl;inc;xsd</Extensions>
    </Filter>
    <Filter Include="Form Files">
      <UniqueIdentifier>{99349809-55BA-4b9d-BF79-8FDBB0286EB3}</UniqueIdentifier>
      <Extensions>ui</Extensions>
    </Filter>
    <Filter Include="Translation Files">
      <UniqueIdentifier>{639EADAA-A684-42e4-A9AD-28FC9BCB8F7C}</UniqueIdentifier>
      <Extensions>ts</Extensions>
    </Filter>
    <Filter Include="Resource Files">
      <UniqueIdentifier>{67DA6AB6-F800-4c08-8B7A-83BB121AAD01}</UniqueIdentifier>
      <Extensions>qrc;rc;ico;cur;bmp;dlg;rc2;rct;bin;rgs;gif;jpg;jpeg;jpe;resx;tiff;tif;png;wav;mfcribbon-ms</Extensions>
    </Filter>
  </ItemGroup>
  <ItemGroup>
    <QtRcc Include="CCMainWindow.qrc">
      <Filter>Resource Files</Filter>
    </QtRcc>
    <QtUic Include="CCMainWindow.ui">
      <Filter>Form Files</Filter>
    </QtUic>
    <QtMoc Include="CCMainWindow.h">
      <Filter>Header Files</Filter>
    </QtMoc>
    <ClCompile Include="CCMainWindow.cpp">
      <Filter>Source Files</Filter>
    </ClCompile>
  </ItemGroup>
  <ItemGroup>
    <ClCompile Include="main.cpp">
      <Filter>Source Files</Filter>
    </ClCompile>
    <ClCompile Include="titlebar.cpp">
      <Filter>Source Files</Filter>
    </ClCompile>
    <ClCompile Include="basicwindow.cpp">
      <Filter>Source Files</Filter>
    </ClCompile>
    <ClCompile Include="NotifyManager.cpp">
      <Filter>Source Files</Filter>
    </ClCompile>
    <ClCompile Include="CommonUtils.cpp">
      <Filter>Source Files</Filter>
    </ClCompile>
    <ClCompile Include="UserLogin.cpp">
      <Filter>Source Files</Filter>
    </ClCompile>
    <ClCompile Include="SkinWindow.cpp">
      <Filter>Source Files</Filter>
    </ClCompile>
    <ClCompile Include="QClickLabel.cpp">
      <Filter>Source Files</Filter>
    </ClCompile>
    <ClCompile Include="SysTray.cpp">
      <Filter>Source Files</Filter>
    </ClCompile>
    <ClCompile Include="CustomMenu.cpp">
      <Filter>Source Files</Filter>
    </ClCompile>
    <ClCompile Include="RootContactItem.cpp">
      <Filter>Source Files</Filter>
    </ClCompile>
    <ClCompile Include="ContactItem.cpp">
      <Filter>Source Files</Filter>
    </ClCompile>
    <ClCompile Include="ChatWindowShell.cpp">
      <Filter>Source Files</Filter>
    </ClCompile>
    <ClCompile Include="EmojiWindow.cpp">
      <Filter>Source Files</Filter>
    </ClCompile>
    <ClCompile Include="EmojiLabelItem.cpp">
      <Filter>Source Files</Filter>
    </ClCompile>
    <ClCompile Include="ChatWindowItem.cpp">
      <Filter>Source Files</Filter>
    </ClCompile>
    <ClCompile Include="ChatWindow.cpp">
      <Filter>Source Files</Filter>
    </ClCompile>
    <ClCompile Include="WindowManager.cpp">
      <Filter>Source Files</Filter>
    </ClCompile>
  </ItemGroup>
  <ItemGroup>
    <QtMoc Include="titlebar.h">
      <Filter>Header Files</Filter>
    </QtMoc>
    <QtMoc Include="basicwindow.h">
      <Filter>Header Files</Filter>
    </QtMoc>
    <QtMoc Include="NotifyManager.h">
      <Filter>Header Files</Filter>
    </QtMoc>
    <QtMoc Include="UserLogin.h">
      <Filter>Header Files</Filter>
    </QtMoc>
    <QtMoc Include="SkinWindow.h">
      <Filter>Header Files</Filter>
    </QtMoc>
    <QtMoc Include="QClickLabel.h">
      <Filter>Header Files</Filter>
    </QtMoc>
    <QtMoc Include="SysTray.h">
      <Filter>Header Files</Filter>
    </QtMoc>
    <QtMoc Include="CustomMenu.h">
      <Filter>Header Files</Filter>
    </QtMoc>
    <QtMoc Include="RootContactItem.h">
      <Filter>Header Files</Filter>
    </QtMoc>
    <QtMoc Include="ContactItem.h">
      <Filter>Header Files</Filter>
    </QtMoc>
    <QtMoc Include="ChatWindowShell.h">
      <Filter>Header Files</Filter>
    </QtMoc>
    <QtMoc Include="EmojiWindow.h">
      <Filter>Header Files</Filter>
    </QtMoc>
    <QtMoc Include="EmojiLabelItem.h">
      <Filter>Header Files</Filter>
    </QtMoc>
    <QtMoc Include="ChatWindowItem.h">
      <Filter>Header Files</Filter>
    </QtMoc>
    <QtMoc Include="ChatWindow.h">
      <Filter>Header Files</Filter>
    </QtMoc>
    <QtMoc Include="WindowManager.h">
      <Filter>Header Files</Filter>
    </QtMoc>
  </ItemGroup>
  <ItemGroup>
    <ClInclude Include="CommonUtils.h">
      <Filter>Header Files</Filter>
    </ClInclude>
    <ClInclude Include="GroupType.h">
      <Filter>Header Files</Filter>
    </ClInclude>
  </ItemGroup>
  <ItemGroup>
    <QtUic Include="UserLogin.ui">
      <Filter>Form Files</Filter>
    </QtUic>
    <QtUic Include="SkinWindow.ui">
      <Filter>Form Files</Filter>
    </QtUic>
    <QtUic Include="ContactItem.ui">
      <Filter>Form Files</Filter>
    </QtUic>
    <QtUic Include="ChatWindowShell.ui">
      <Filter>Form Files</Filter>
    </QtUic>
    <QtUic Include="EmojiWindow.ui">
      <Filter>Form Files</Filter>
    </QtUic>
    <QtUic Include="ChatWindowItem.ui">
      <Filter>Form Files</Filter>
    </QtUic>
    <QtUic Include="ChatWindow.ui">
      <Filter>Form Files</Filter>
    </QtUic>
  </ItemGroup>
</Project>