<?xml version="1.0" encoding="utf-8"?>
<Project ToolsVersion="4.0" xmlns="http://schemas.microsoft.com/developer/msbuild/2003">
  <ItemGroup>
    <Filter Include="Source Files">
      <UniqueIdentifier>{4FC737F1-C7A5-4376-A066-2A32D752A2FF}</UniqueIdentifier>
      <Extensions>qml;cpp;c;cc;cxx;def;odl;idl;hpj;bat;asm;asmx</Extensions>
    </Filter>
    <Filter Include="Header Files">
      <UniqueIdentifier>{93995380-89BD-4b04-88EB-625FBE52EBFB}</UniqueIdentifier>
      <Extensions>h;hh;hpp;hxx;hm;inl;inc;xsd</Extensions>
    </Filter>
    <Filter Include="Form Files">
      <UniqueIdentifier>{99349809-55BA-4b9d-BF79-8FDBB0286EB3}</UniqueIdentifier>
      <Extensions>ui</Extensions>
    </Filter>
    <Filter Include="Translation Files">
      <UniqueIdentifier>{639EADAA-A684-42e4-A9AD-28FC9BCB8F7C}</UniqueIdentifier>
      <Extensions>ts</Extensions>
    </Filter>
    <Filter Include="Resource Files">
      <UniqueIdentifier>{67DA6AB6-F800-4c08-8B7A-83BB121AAD01}</UniqueIdentifier>
      <Extensions>qrc;rc;ico;cur;bmp;dlg;rc2;rct;bin;rgs;gif;jpg;jpeg;jpe;resx;tiff;tif;png;wav;mfcribbon-ms</Extensions>
    </Filter>
  </ItemGroup>
  <ItemGroup>
    <ClCompile Include="thirdparty\src\wintoastlib.cpp">
      <Filter>Source Files</Filter>
    </ClCompile>
    <ClCompile Include="src\BackgroundWidget.cpp">
      <Filter>Source Files</Filter>
    </ClCompile>
    <ClCompile Include="src\BasicWindow.cpp">
      <Filter>Source Files</Filter>
    </ClCompile>
    <ClCompile Include="src\CCMainWindow.cpp">
      <Filter>Source Files</Filter>
    </ClCompile>
    <ClCompile Include="src\ChatWindow.cpp">
      <Filter>Source Files</Filter>
    </ClCompile>
    <ClCompile Include="src\ChatWindowItem.cpp">
      <Filter>Source Files</Filter>
    </ClCompile>
    <ClCompile Include="src\ChatWindowShell.cpp">
      <Filter>Source Files</Filter>
    </ClCompile>
    <ClCompile Include="src\CommonUtils.cpp">
      <Filter>Source Files</Filter>
    </ClCompile>
    <ClCompile Include="src\ContactItem.cpp">
      <Filter>Source Files</Filter>
    </ClCompile>
    <ClCompile Include="src\CustomMenu.cpp">
      <Filter>Source Files</Filter>
    </ClCompile>
    <ClCompile Include="src\CutRectangle.cpp">
      <Filter>Source Files</Filter>
    </ClCompile>
    <ClCompile Include="src\CutRound.cpp">
      <Filter>Source Files</Filter>
    </ClCompile>
    <ClCompile Include="src\CutShape.cpp">
      <Filter>Source Files</Filter>
    </ClCompile>
    <ClCompile Include="src\EmojiLabelItem.cpp">
      <Filter>Source Files</Filter>
    </ClCompile>
    <ClCompile Include="src\EmojiWindow.cpp">
      <Filter>Source Files</Filter>
    </ClCompile>
    <ClCompile Include="src\Group.cpp">
      <Filter>Source Files</Filter>
    </ClCompile>
    <ClCompile Include="src\ImageView.cpp">
      <Filter>Source Files</Filter>
    </ClCompile>
    <ClCompile Include="src\main.cpp">
      <Filter>Source Files</Filter>
    </ClCompile>
    <ClCompile Include="src\NotifyManager.cpp">
      <Filter>Source Files</Filter>
    </ClCompile>
    <ClCompile Include="src\PictureEdit.cpp">
      <Filter>Source Files</Filter>
    </ClCompile>
    <ClCompile Include="src\PicturePreviewPanel.cpp">
      <Filter>Source Files</Filter>
    </ClCompile>
    <ClCompile Include="src\QClickLabel.cpp">
      <Filter>Source Files</Filter>
    </ClCompile>
    <ClCompile Include="src\QNChatMessage.cpp">
      <Filter>Source Files</Filter>
    </ClCompile>
    <ClCompile Include="src\RootContactItem.cpp">
      <Filter>Source Files</Filter>
    </ClCompile>
    <ClCompile Include="src\SearchResult.cpp">
      <Filter>Source Files</Filter>
    </ClCompile>
    <ClCompile Include="src\SkinWindow.cpp">
      <Filter>Source Files</Filter>
    </ClCompile>
    <ClCompile Include="src\SysTray.cpp">
      <Filter>Source Files</Filter>
    </ClCompile>
    <ClCompile Include="src\TcpClient.cpp">
      <Filter>Source Files</Filter>
    </ClCompile>
    <ClCompile Include="src\TitleBar.cpp">
      <Filter>Source Files</Filter>
    </ClCompile>
    <ClCompile Include="src\User.cpp">
      <Filter>Source Files</Filter>
    </ClCompile>
    <ClCompile Include="src\UserLogin.cpp">
      <Filter>Source Files</Filter>
    </ClCompile>
    <ClCompile Include="src\UserManager.cpp">
      <Filter>Source Files</Filter>
    </ClCompile>
    <ClCompile Include="src\UserRegister.cpp">
      <Filter>Source Files</Filter>
    </ClCompile>
    <ClCompile Include="src\WindowManager.cpp">
      <Filter>Source Files</Filter>
    </ClCompile>
  </ItemGroup>
  <ItemGroup>
    <ClInclude Include="thirdparty\json.hpp">
      <Filter>Header Files</Filter>
    </ClInclude>
    <ClInclude Include="thirdparty\include\WinToast\wintoastlib.h">
      <Filter>Header Files</Filter>
    </ClInclude>
    <ClInclude Include="include\BackgroundWidget.h">
      <Filter>Header Files</Filter>
    </ClInclude>
    <ClInclude Include="include\CommonUtils.h">
      <Filter>Header Files</Filter>
    </ClInclude>
    <ClInclude Include="include\CutRectangle.h">
      <Filter>Header Files</Filter>
    </ClInclude>
    <ClInclude Include="include\CutRound.h">
      <Filter>Header Files</Filter>
    </ClInclude>
    <ClInclude Include="include\CutShape.h">
      <Filter>Header Files</Filter>
    </ClInclude>
    <ClInclude Include="include\Group.h">
      <Filter>Header Files</Filter>
    </ClInclude>
    <ClInclude Include="include\GroupType.h">
      <Filter>Header Files</Filter>
    </ClInclude>
    <ClInclude Include="include\MsgType.h">
      <Filter>Header Files</Filter>
    </ClInclude>
    <ClInclude Include="include\User.h">
      <Filter>Header Files</Filter>
    </ClInclude>
    <ClInclude Include="include\UserManager.h">
      <Filter>Header Files</Filter>
    </ClInclude>
    <ClInclude Include="include\WinToastHandlerCallBack.h">
      <Filter>Header Files</Filter>
    </ClInclude>
  </ItemGroup>
  <ItemGroup>
    <QtUic Include="ui\CCMainWindow.ui">
      <Filter>Form Files</Filter>
    </QtUic>
    <QtUic Include="ui\ChatWindow.ui">
      <Filter>Form Files</Filter>
    </QtUic>
    <QtUic Include="ui\ChatWindowItem.ui">
      <Filter>Form Files</Filter>
    </QtUic>
    <QtUic Include="ui\ChatWindowShell.ui">
      <Filter>Form Files</Filter>
    </QtUic>
    <QtUic Include="ui\ContactItem.ui">
      <Filter>Form Files</Filter>
    </QtUic>
    <QtUic Include="ui\EmojiWindow.ui">
      <Filter>Form Files</Filter>
    </QtUic>
    <QtUic Include="ui\PictureEdit.ui">
      <Filter>Form Files</Filter>
    </QtUic>
    <QtUic Include="ui\SearchResult.ui">
      <Filter>Form Files</Filter>
    </QtUic>
    <QtUic Include="ui\SkinWindow.ui">
      <Filter>Form Files</Filter>
    </QtUic>
    <QtUic Include="ui\UserLogin.ui">
      <Filter>Form Files</Filter>
    </QtUic>
    <QtUic Include="ui\UserRegister.ui">
      <Filter>Form Files</Filter>
    </QtUic>
  </ItemGroup>
  <ItemGroup>
    <QtRcc Include="qrc\CCMainWindow.qrc">
      <Filter>Resource Files</Filter>
    </QtRcc>
  </ItemGroup>
  <ItemGroup>
    <QtMoc Include="include\BasicWindow.h">
      <Filter>Header Files</Filter>
    </QtMoc>
    <QtMoc Include="include\CCMainWindow.h">
      <Filter>Header Files</Filter>
    </QtMoc>
    <QtMoc Include="include\ChatWindow.h">
      <Filter>Header Files</Filter>
    </QtMoc>
    <QtMoc Include="include\ChatWindowItem.h">
      <Filter>Header Files</Filter>
    </QtMoc>
    <QtMoc Include="include\ChatWindowShell.h">
      <Filter>Header Files</Filter>
    </QtMoc>
    <QtMoc Include="include\ContactItem.h">
      <Filter>Header Files</Filter>
    </QtMoc>
    <QtMoc Include="include\CustomMenu.h">
      <Filter>Header Files</Filter>
    </QtMoc>
    <QtMoc Include="include\EmojiLabelItem.h">
      <Filter>Header Files</Filter>
    </QtMoc>
    <QtMoc Include="include\EmojiWindow.h">
      <Filter>Header Files</Filter>
    </QtMoc>
    <QtMoc Include="include\ImageView.h">
      <Filter>Header Files</Filter>
    </QtMoc>
    <QtMoc Include="include\NotifyManager.h">
      <Filter>Header Files</Filter>
    </QtMoc>
    <QtMoc Include="include\PictureEdit.h">
      <Filter>Header Files</Filter>
    </QtMoc>
    <QtMoc Include="include\PicturePreviewPanel.h">
      <Filter>Header Files</Filter>
    </QtMoc>
    <QtMoc Include="include\QClickLabel.h">
      <Filter>Header Files</Filter>
    </QtMoc>
    <QtMoc Include="include\QNChatMessage.h">
      <Filter>Header Files</Filter>
    </QtMoc>
    <QtMoc Include="include\RootContactItem.h">
      <Filter>Header Files</Filter>
    </QtMoc>
    <QtMoc Include="include\SearchResult.h">
      <Filter>Header Files</Filter>
    </QtMoc>
    <QtMoc Include="include\SkinWindow.h">
      <Filter>Header Files</Filter>
    </QtMoc>
    <QtMoc Include="include\SysTray.h">
      <Filter>Header Files</Filter>
    </QtMoc>
    <QtMoc Include="include\TcpClient.h">
      <Filter>Header Files</Filter>
    </QtMoc>
    <QtMoc Include="include\TitleBar.h">
      <Filter>Header Files</Filter>
    </QtMoc>
    <QtMoc Include="include\UserLogin.h">
      <Filter>Header Files</Filter>
    </QtMoc>
    <QtMoc Include="include\UserRegister.h">
      <Filter>Header Files</Filter>
    </QtMoc>
    <QtMoc Include="include\WindowManager.h">
      <Filter>Header Files</Filter>
    </QtMoc>
  </ItemGroup>
</Project>